
Microsoft Visual Studio Solution File, Format Version 12.00
# Visual Studio Version 17
VisualStudioVersion = 17.5.33530.505
MinimumVisualStudioVersion = 10.0.40219.1
Project("{8BC9CEB8-8B4A-11D0-8D11-00A0C91BC942}") = "QCustomMainWindow", "QCustomMainWindow.vcxproj", "{E492C00D-574D-42FC-9F5B-F84F6FD283FA}"
EndProject
Project("{888888A0-9F3D-457C-B088-3A5042F75D52}") = "QPyCustomMainWindow", "..\QPyCustomMainWindow\QPyCustomMainWindow.pyproj", "{C306F1BC-AB3D-4D2B-932C-27AA89AA158D}"
EndProject
Project("{54435603-DBB4-11D2-8724-00A0C9A8B90C}") = "Setup1", "..\Setup1\Setup1.vdproj", "{B6927003-1ACD-4870-944B-4E150958B7A0}"
EndProject
Project("{8BC9CEB8-8B4A-11D0-8D11-00A0C91BC942}") = "QdragListWidget", "..\QdragListWidget\QdragListWidget.vcxproj", "{ABC580CE-B153-45C3-845E-01B064BE04C8}"
EndProject
Global
	GlobalSection(SolutionConfigurationPlatforms) = preSolution
		Debug|Any CPU = Debug|Any CPU
		Debug|ARM = Debug|ARM
		Debug|ARM64 = Debug|ARM64
		Debug|x64 = Debug|x64
		Debug|x86 = Debug|x86
		Release|Any CPU = Release|Any CPU
		Release|ARM = Release|ARM
		Release|ARM64 = Release|ARM64
		Release|x64 = Release|x64
		Release|x86 = Release|x86
	EndGlobalSection
	GlobalSection(ProjectConfigurationPlatforms) = postSolution
		{E492C00D-574D-42FC-9F5B-F84F6FD283FA}.Debug|Any CPU.ActiveCfg = Debug|x64
		{E492C00D-574D-42FC-9F5B-F84F6FD283FA}.Debug|Any CPU.Build.0 = Debug|x64
		{E492C00D-574D-42FC-9F5B-F84F6FD283FA}.Debug|ARM.ActiveCfg = Debug|x64
		{E492C00D-574D-42FC-9F5B-F84F6FD283FA}.Debug|ARM.Build.0 = Debug|x64
		{E492C00D-574D-42FC-9F5B-F84F6FD283FA}.Debug|ARM64.ActiveCfg = Debug|x64
		{E492C00D-574D-42FC-9F5B-F84F6FD283FA}.Debug|ARM64.Build.0 = Debug|x64
		{E492C00D-574D-42FC-9F5B-F84F6FD283FA}.Debug|x64.ActiveCfg = Debug|x64
		{E492C00D-574D-42FC-9F5B-F84F6FD283FA}.Debug|x64.Build.0 = Debug|x64
		{E492C00D-574D-42FC-9F5B-F84F6FD283FA}.Debug|x86.ActiveCfg = Debug|x64
		{E492C00D-574D-42FC-9F5B-F84F6FD283FA}.Debug|x86.Build.0 = Debug|x64
		{E492C00D-574D-42FC-9F5B-F84F6FD283FA}.Release|Any CPU.ActiveCfg = Release|x64
		{E492C00D-574D-42FC-9F5B-F84F6FD283FA}.Release|Any CPU.Build.0 = Release|x64
		{E492C00D-574D-42FC-9F5B-F84F6FD283FA}.Release|ARM.ActiveCfg = Release|x64
		{E492C00D-574D-42FC-9F5B-F84F6FD283FA}.Release|ARM.Build.0 = Release|x64
		{E492C00D-574D-42FC-9F5B-F84F6FD283FA}.Release|ARM64.ActiveCfg = Release|x64
		{E492C00D-574D-42FC-9F5B-F84F6FD283FA}.Release|ARM64.Build.0 = Release|x64
		{E492C00D-574D-42FC-9F5B-F84F6FD283FA}.Release|x64.ActiveCfg = Release|x64
		{E492C00D-574D-42FC-9F5B-F84F6FD283FA}.Release|x64.Build.0 = Release|x64
		{E492C00D-574D-42FC-9F5B-F84F6FD283FA}.Release|x86.ActiveCfg = Release|x64
		{E492C00D-574D-42FC-9F5B-F84F6FD283FA}.Release|x86.Build.0 = Release|x64
		{C306F1BC-AB3D-4D2B-932C-27AA89AA158D}.Debug|Any CPU.ActiveCfg = Debug|Any CPU
		{C306F1BC-AB3D-4D2B-932C-27AA89AA158D}.Debug|ARM.ActiveCfg = Debug|Any CPU
		{C306F1BC-AB3D-4D2B-932C-27AA89AA158D}.Debug|ARM64.ActiveCfg = Debug|Any CPU
		{C306F1BC-AB3D-4D2B-932C-27AA89AA158D}.Debug|x64.ActiveCfg = Debug|Any CPU
		{C306F1BC-AB3D-4D2B-932C-27AA89AA158D}.Debug|x86.ActiveCfg = Debug|Any CPU
		{C306F1BC-AB3D-4D2B-932C-27AA89AA158D}.Release|Any CPU.ActiveCfg = Release|Any CPU
		{C306F1BC-AB3D-4D2B-932C-27AA89AA158D}.Release|ARM.ActiveCfg = Release|Any CPU
		{C306F1BC-AB3D-4D2B-932C-27AA89AA158D}.Release|ARM64.ActiveCfg = Release|Any CPU
		{C306F1BC-AB3D-4D2B-932C-27AA89AA158D}.Release|x64.ActiveCfg = Release|Any CPU
		{C306F1BC-AB3D-4D2B-932C-27AA89AA158D}.Release|x86.ActiveCfg = Release|Any CPU
		{B6927003-1ACD-4870-944B-4E150958B7A0}.Debug|Any CPU.ActiveCfg = Debug
		{B6927003-1ACD-4870-944B-4E150958B7A0}.Debug|ARM.ActiveCfg = Debug
		{B6927003-1ACD-4870-944B-4E150958B7A0}.Debug|ARM.Build.0 = Debug
		{B6927003-1ACD-4870-944B-4E150958B7A0}.Debug|ARM64.ActiveCfg = Debug
		{B6927003-1ACD-4870-944B-4E150958B7A0}.Debug|ARM64.Build.0 = Debug
		{B6927003-1ACD-4870-944B-4E150958B7A0}.Debug|x64.ActiveCfg = Debug
		{B6927003-1ACD-4870-944B-4E150958B7A0}.Debug|x86.ActiveCfg = Debug
		{B6927003-1ACD-4870-944B-4E150958B7A0}.Debug|x86.Build.0 = Debug
		{B6927003-1ACD-4870-944B-4E150958B7A0}.Release|Any CPU.ActiveCfg = Release
		{B6927003-1ACD-4870-944B-4E150958B7A0}.Release|ARM.ActiveCfg = Release
		{B6927003-1ACD-4870-944B-4E150958B7A0}.Release|ARM.Build.0 = Release
		{B6927003-1ACD-4870-944B-4E150958B7A0}.Release|ARM64.ActiveCfg = Release
		{B6927003-1ACD-4870-944B-4E150958B7A0}.Release|ARM64.Build.0 = Release
		{B6927003-1ACD-4870-944B-4E150958B7A0}.Release|x64.ActiveCfg = Release
		{B6927003-1ACD-4870-944B-4E150958B7A0}.Release|x86.ActiveCfg = Release
		{B6927003-1ACD-4870-944B-4E150958B7A0}.Release|x86.Build.0 = Release
		{ABC580CE-B153-45C3-845E-01B064BE04C8}.Debug|Any CPU.ActiveCfg = Debug|x64
		{ABC580CE-B153-45C3-845E-01B064BE04C8}.Debug|Any CPU.Build.0 = Debug|x64
		{ABC580CE-B153-45C3-845E-01B064BE04C8}.Debug|ARM.ActiveCfg = Debug|x64
		{ABC580CE-B153-45C3-845E-01B064BE04C8}.Debug|ARM.Build.0 = Debug|x64
		{ABC580CE-B153-45C3-845E-01B064BE04C8}.Debug|ARM64.ActiveCfg = Debug|x64
		{ABC580CE-B153-45C3-845E-01B064BE04C8}.Debug|ARM64.Build.0 = Debug|x64
		{ABC580CE-B153-45C3-845E-01B064BE04C8}.Debug|x64.ActiveCfg = Debug|x64
		{ABC580CE-B153-45C3-845E-01B064BE04C8}.Debug|x64.Build.0 = Debug|x64
		{ABC580CE-B153-45C3-845E-01B064BE04C8}.Debug|x86.ActiveCfg = Debug|x64
		{ABC580CE-B153-45C3-845E-01B064BE04C8}.Debug|x86.Build.0 = Debug|x64
		{ABC580CE-B153-45C3-845E-01B064BE04C8}.Release|Any CPU.ActiveCfg = Release|x64
		{ABC580CE-B153-45C3-845E-01B064BE04C8}.Release|Any CPU.Build.0 = Release|x64
		{ABC580CE-B153-45C3-845E-01B064BE04C8}.Release|ARM.ActiveCfg = Release|x64
		{ABC580CE-B153-45C3-845E-01B064BE04C8}.Release|ARM.Build.0 = Release|x64
		{ABC580CE-B153-45C3-845E-01B064BE04C8}.Release|ARM64.ActiveCfg = Release|x64
		{ABC580CE-B153-45C3-845E-01B064BE04C8}.Release|ARM64.Build.0 = Release|x64
		{ABC580CE-B153-45C3-845E-01B064BE04C8}.Release|x64.ActiveCfg = Release|x64
		{ABC580CE-B153-45C3-845E-01B064BE04C8}.Release|x64.Build.0 = Release|x64
		{ABC580CE-B153-45C3-845E-01B064BE04C8}.Release|x86.ActiveCfg = Release|x64
		{ABC580CE-B153-45C3-845E-01B064BE04C8}.Release|x86.Build.0 = Release|x64
	EndGlobalSection
	GlobalSection(SolutionProperties) = preSolution
		HideSolutionNode = FALSE
	EndGlobalSection
	GlobalSection(ExtensibilityGlobals) = postSolution
		SolutionGuid = {3EB8BD7B-C59F-4FC2-B408-23303CD704BE}
	EndGlobalSection
EndGlobal
